
Microsoft Visual Studio Solution File, Format Version 12.00
# Visual Studio 15
VisualStudioVersion = 15.0.28307.421
MinimumVisualStudioVersion = 10.0.40219.1
Project("{FAE04EC0-301F-11D3-BF4B-00C04F79EFBC}") = "AltaRail.API", "AltaRail.API\AltaRail.API.csproj", "{C22427DC-F5B8-42AA-A08F-6C34D4968254}"
EndProject
Global
	GlobalSection(SolutionConfigurationPlatforms) = preSolution
		Debug|Any CPU = Debug|Any CPU
		Release|Any CPU = Release|Any CPU
	EndGlobalSection
	GlobalSection(ProjectConfigurationPlatforms) = postSolution
		{C22427DC-F5B8-42AA-A08F-6C34D4968254}.Debug|Any CPU.ActiveCfg = Debug|Any CPU
		{C22427DC-F5B8-42AA-A08F-6C34D4968254}.Debug|Any CPU.Build.0 = Debug|Any CPU
		{C22427DC-F5B8-42AA-A08F-6C34D4968254}.Release|Any CPU.ActiveCfg = Release|Any CPU
		{C22427DC-F5B8-42AA-A08F-6C34D4968254}.Release|Any CPU.Build.0 = Release|Any CPU
	EndGlobalSection
	GlobalSection(SolutionProperties) = preSolution
		HideSolutionNode = FALSE
	EndGlobalSection
	GlobalSection(ExtensibilityGlobals) = postSolution
		SolutionGuid = {4247B980-A7B8-46E8-9EB6-FB606ED1FEC4}
	EndGlobalSection
EndGlobal
